// !$*UTF8*$!
{
	archiveVersion = 1;
	classes = {
	};
	objectVersion = 46;
	objects = {

/* Begin PBXBuildFile section */
		31214FE51DA0E69200A69D9A /* main.m in Sources */ = {isa = PBXBuildFile; fileRef = 31214FE41DA0E69200A69D9A /* main.m */; };
		31214FE81DA0E69200A69D9A /* AppDelegate.m in Sources */ = {isa = PBXBuildFile; fileRef = 31214FE71DA0E69200A69D9A /* AppDelegate.m */; };
		31214FEB1DA0E69200A69D9A /* MasterViewController.m in Sources */ = {isa = PBXBuildFile; fileRef = 31214FEA1DA0E69200A69D9A /* MasterViewController.m */; };
		31214FEE1DA0E69200A69D9A /* DetailViewController.m in Sources */ = {isa = PBXBuildFile; fileRef = 31214FED1DA0E69200A69D9A /* DetailViewController.m */; };
		31214FF11DA0E69200A69D9A /* Main.storyboard in Resources */ = {isa = PBXBuildFile; fileRef = 31214FEF1DA0E69200A69D9A /* Main.storyboard */; };
		31214FF31DA0E69200A69D9A /* Assets.xcassets in Resources */ = {isa = PBXBuildFile; fileRef = 31214FF21DA0E69200A69D9A /* Assets.xcassets */; };
		31214FF61DA0E69200A69D9A /* LaunchScreen.storyboard in Resources */ = {isa = PBXBuildFile; fileRef = 31214FF41DA0E69200A69D9A /* LaunchScreen.storyboard */; };
		312151281DA28EE000A69D9A /* BookViewController.m in Sources */ = {isa = PBXBuildFile; fileRef = 312151271DA28EE000A69D9A /* BookViewController.m */; };
		312151311DA2920E00A69D9A /* aroundtheworldineightydays_01_verne_64kb.mp3 in Resources */ = {isa = PBXBuildFile; fileRef = 3121512C1DA2920E00A69D9A /* aroundtheworldineightydays_01_verne_64kb.mp3 */; };
		312151321DA2920E00A69D9A /* aroundtheworldineightydays_01_verne_64kb.xml in Resources */ = {isa = PBXBuildFile; fileRef = 3121512D1DA2920E00A69D9A /* aroundtheworldineightydays_01_verne_64kb.xml */; };
		312151331DA2920E00A69D9A /* list.xml in Resources */ = {isa = PBXBuildFile; fileRef = 3121512E1DA2920E00A69D9A /* list.xml */; };
		312151341DA2920E00A69D9A /* iPhoneBack.png in Resources */ = {isa = PBXBuildFile; fileRef = 312151301DA2920E00A69D9A /* iPhoneBack.png */; };
		7AA049CD1DA37C0F006A8CB4 /* Utils.m in Sources */ = {isa = PBXBuildFile; fileRef = 7AA049CC1DA37C0F006A8CB4 /* Utils.m */; };
/* End PBXBuildFile section */

/* Begin PBXFileReference section */
		31214FE01DA0E69200A69D9A /* TextAudioBooks.app */ = {isa = PBXFileReference; explicitFileType = wrapper.application; includeInIndex = 0; path = TextAudioBooks.app; sourceTree = BUILT_PRODUCTS_DIR; };
		31214FE41DA0E69200A69D9A /* main.m */ = {isa = PBXFileReference; lastKnownFileType = sourcecode.c.objc; path = main.m; sourceTree = "<group>"; };
		31214FE61DA0E69200A69D9A /* AppDelegate.h */ = {isa = PBXFileReference; lastKnownFileType = sourcecode.c.h; path = AppDelegate.h; sourceTree = "<group>"; };
		31214FE71DA0E69200A69D9A /* AppDelegate.m */ = {isa = PBXFileReference; lastKnownFileType = sourcecode.c.objc; path = AppDelegate.m; sourceTree = "<group>"; };
		31214FE91DA0E69200A69D9A /* MasterViewController.h */ = {isa = PBXFileReference; lastKnownFileType = sourcecode.c.h; path = MasterViewController.h; sourceTree = "<group>"; };
		31214FEA1DA0E69200A69D9A /* MasterViewController.m */ = {isa = PBXFileReference; lastKnownFileType = sourcecode.c.objc; path = MasterViewController.m; sourceTree = "<group>"; };
		31214FEC1DA0E69200A69D9A /* DetailViewController.h */ = {isa = PBXFileReference; lastKnownFileType = sourcecode.c.h; path = DetailViewController.h; sourceTree = "<group>"; };
		31214FED1DA0E69200A69D9A /* DetailViewController.m */ = {isa = PBXFileReference; lastKnownFileType = sourcecode.c.objc; path = DetailViewController.m; sourceTree = "<group>"; };
		31214FF01DA0E69200A69D9A /* Base */ = {isa = PBXFileReference; lastKnownFileType = file.storyboard; name = Base; path = Base.lproj/Main.storyboard; sourceTree = "<group>"; };
		31214FF21DA0E69200A69D9A /* Assets.xcassets */ = {isa = PBXFileReference; lastKnownFileType = folder.assetcatalog; path = Assets.xcassets; sourceTree = "<group>"; };
		31214FF51DA0E69200A69D9A /* Base */ = {isa = PBXFileReference; lastKnownFileType = file.storyboard; name = Base; path = Base.lproj/LaunchScreen.storyboard; sourceTree = "<group>"; };
		31214FF71DA0E69200A69D9A /* Info.plist */ = {isa = PBXFileReference; lastKnownFileType = text.plist.xml; path = Info.plist; sourceTree = "<group>"; };
		312151261DA28E0100A69D9A /* BookViewController.h */ = {isa = PBXFileReference; fileEncoding = 4; lastKnownFileType = sourcecode.c.h; path = BookViewController.h; sourceTree = "<group>"; };
		312151271DA28EE000A69D9A /* BookViewController.m */ = {isa = PBXFileReference; fileEncoding = 4; lastKnownFileType = sourcecode.c.objc; path = BookViewController.m; sourceTree = "<group>"; };
		3121512C1DA2920E00A69D9A /* aroundtheworldineightydays_01_verne_64kb.mp3 */ = {isa = PBXFileReference; lastKnownFileType = audio.mp3; path = aroundtheworldineightydays_01_verne_64kb.mp3; sourceTree = "<group>"; };
		3121512D1DA2920E00A69D9A /* aroundtheworldineightydays_01_verne_64kb.xml */ = {isa = PBXFileReference; fileEncoding = 4; lastKnownFileType = text.xml; path = aroundtheworldineightydays_01_verne_64kb.xml; sourceTree = "<group>"; };
		3121512E1DA2920E00A69D9A /* list.xml */ = {isa = PBXFileReference; fileEncoding = 4; lastKnownFileType = text.xml; path = list.xml; sourceTree = "<group>"; };
		312151301DA2920E00A69D9A /* iPhoneBack.png */ = {isa = PBXFileReference; lastKnownFileType = image.png; path = iPhoneBack.png; sourceTree = "<group>"; };
		7AA049CB1DA37C0F006A8CB4 /* Utils.h */ = {isa = PBXFileReference; fileEncoding = 4; lastKnownFileType = sourcecode.c.h; path = Utils.h; sourceTree = "<group>"; };
		7AA049CC1DA37C0F006A8CB4 /* Utils.m */ = {isa = PBXFileReference; fileEncoding = 4; lastKnownFileType = sourcecode.c.objc; path = Utils.m; sourceTree = "<group>"; };
/* End PBXFileReference section */

/* Begin PBXFrameworksBuildPhase section */
		31214FDD1DA0E69200A69D9A /* Frameworks */ = {
			isa = PBXFrameworksBuildPhase;
			buildActionMask = 2147483647;
			files = (
			);
			runOnlyForDeploymentPostprocessing = 0;
		};
/* End PBXFrameworksBuildPhase section */

/* Begin PBXGroup section */
		31214FD71DA0E69100A69D9A = {
			isa = PBXGroup;
			children = (
				31214FE21DA0E69200A69D9A /* TextAudioBooks */,
				31214FE11DA0E69200A69D9A /* Products */,
			);
			sourceTree = "<group>";
		};
		31214FE11DA0E69200A69D9A /* Products */ = {
			isa = PBXGroup;
			children = (
				31214FE01DA0E69200A69D9A /* TextAudioBooks.app */,
			);
			name = Products;
			sourceTree = "<group>";
		};
		31214FE21DA0E69200A69D9A /* TextAudioBooks */ = {
			isa = PBXGroup;
			children = (
				312151291DA291FF00A69D9A /* Sample */,
				3121511E1DA285B000A69D9A /* ViewController */,
				3121511D1DA285A600A69D9A /* Commons */,
				3121511C1DA2858F00A69D9A /* Purchase */,
				3121511B1DA2858000A69D9A /* Download */,
				3121511A1DA2857300A69D9A /* Images */,
				31214FE91DA0E69200A69D9A /* MasterViewController.h */,
				31214FEA1DA0E69200A69D9A /* MasterViewController.m */,
				31214FEC1DA0E69200A69D9A /* DetailViewController.h */,
				31214FED1DA0E69200A69D9A /* DetailViewController.m */,
				31214FEF1DA0E69200A69D9A /* Main.storyboard */,
				31214FF21DA0E69200A69D9A /* Assets.xcassets */,
				31214FF41DA0E69200A69D9A /* LaunchScreen.storyboard */,
				31214FE31DA0E69200A69D9A /* Supporting Files */,
			);
			path = TextAudioBooks;
			sourceTree = "<group>";
		};
		31214FE31DA0E69200A69D9A /* Supporting Files */ = {
			isa = PBXGroup;
			children = (
				31214FE41DA0E69200A69D9A /* main.m */,
			);
			name = "Supporting Files";
			sourceTree = "<group>";
		};
		3121511A1DA2857300A69D9A /* Images */ = {
			isa = PBXGroup;
			children = (
			);
			name = Images;
			sourceTree = "<group>";
		};
		3121511B1DA2858000A69D9A /* Download */ = {
			isa = PBXGroup;
			children = (
			);
			name = Download;
			sourceTree = "<group>";
		};
		3121511C1DA2858F00A69D9A /* Purchase */ = {
			isa = PBXGroup;
			children = (
			);
			name = Purchase;
			sourceTree = "<group>";
		};
		3121511D1DA285A600A69D9A /* Commons */ = {
			isa = PBXGroup;
			children = (
				7AA049CB1DA37C0F006A8CB4 /* Utils.h */,
				7AA049CC1DA37C0F006A8CB4 /* Utils.m */,
				31214FF71DA0E69200A69D9A /* Info.plist */,
				31214FE61DA0E69200A69D9A /* AppDelegate.h */,
				31214FE71DA0E69200A69D9A /* AppDelegate.m */,
			);
			name = Commons;
			sourceTree = "<group>";
		};
		3121511E1DA285B000A69D9A /* ViewController */ = {
			isa = PBXGroup;
			children = (
				312151211DA2869600A69D9A /* Book */,
				3121511F1DA285F500A69D9A /* BookList */,
				312151201DA2861900A69D9A /* MyLibrary */,
			);
			name = ViewController;
			sourceTree = "<group>";
		};
		3121511F1DA285F500A69D9A /* BookList */ = {
			isa = PBXGroup;
			children = (
			);
			name = BookList;
			sourceTree = "<group>";
		};
		312151201DA2861900A69D9A /* MyLibrary */ = {
			isa = PBXGroup;
			children = (
			);
			name = MyLibrary;
			sourceTree = "<group>";
		};
		312151211DA2869600A69D9A /* Book */ = {
			isa = PBXGroup;
			children = (
				312151261DA28E0100A69D9A /* BookViewController.h */,
				312151271DA28EE000A69D9A /* BookViewController.m */,
			);
			name = Book;
			sourceTree = "<group>";
		};
		312151291DA291FF00A69D9A /* Sample */ = {
			isa = PBXGroup;
			children = (
				3121512A1DA2920E00A69D9A /* 80days_preview */,
			);
			name = Sample;
			sourceTree = "<group>";
		};
		3121512A1DA2920E00A69D9A /* 80days_preview */ = {
			isa = PBXGroup;
			children = (
				3121512B1DA2920E00A69D9A /* audios */,
				3121512F1DA2920E00A69D9A /* images */,
			);
			path = 80days_preview;
			sourceTree = "<group>";
		};
		3121512B1DA2920E00A69D9A /* audios */ = {
			isa = PBXGroup;
			children = (
				3121512C1DA2920E00A69D9A /* aroundtheworldineightydays_01_verne_64kb.mp3 */,
				3121512D1DA2920E00A69D9A /* aroundtheworldineightydays_01_verne_64kb.xml */,
				3121512E1DA2920E00A69D9A /* list.xml */,
			);
			path = audios;
			sourceTree = "<group>";
		};
		3121512F1DA2920E00A69D9A /* images */ = {
			isa = PBXGroup;
			children = (
				312151301DA2920E00A69D9A /* iPhoneBack.png */,
			);
			path = images;
			sourceTree = "<group>";
		};
/* End PBXGroup section */

/* Begin PBXNativeTarget section */
		31214FDF1DA0E69200A69D9A /* TextAudioBooks */ = {
			isa = PBXNativeTarget;
			buildConfigurationList = 31214FFA1DA0E69200A69D9A /* Build configuration list for PBXNativeTarget "TextAudioBooks" */;
			buildPhases = (
				31214FDC1DA0E69200A69D9A /* Sources */,
				31214FDD1DA0E69200A69D9A /* Frameworks */,
				31214FDE1DA0E69200A69D9A /* Resources */,
			);
			buildRules = (
			);
			dependencies = (
			);
			name = TextAudioBooks;
			productName = TextAudioBooks;
			productReference = 31214FE01DA0E69200A69D9A /* TextAudioBooks.app */;
			productType = "com.apple.product-type.application";
		};
/* End PBXNativeTarget section */

/* Begin PBXProject section */
		31214FD81DA0E69100A69D9A /* Project object */ = {
			isa = PBXProject;
			attributes = {
				LastUpgradeCheck = 0800;
				ORGANIZATIONNAME = highwill;
				TargetAttributes = {
					31214FDF1DA0E69200A69D9A = {
						CreatedOnToolsVersion = 8.0;
						DevelopmentTeam = JN4U23SWSX;
						ProvisioningStyle = Automatic;
						SystemCapabilities = {
							com.apple.BackgroundModes = {
								enabled = 1;
							};
						};
					};
				};
			};
			buildConfigurationList = 31214FDB1DA0E69100A69D9A /* Build configuration list for PBXProject "TextAudioBooks" */;
			compatibilityVersion = "Xcode 3.2";
			developmentRegion = English;
			hasScannedForEncodings = 0;
			knownRegions = (
				en,
				Base,
			);
			mainGroup = 31214FD71DA0E69100A69D9A;
			productRefGroup = 31214FE11DA0E69200A69D9A /* Products */;
			projectDirPath = "";
			projectRoot = "";
			targets = (
				31214FDF1DA0E69200A69D9A /* TextAudioBooks */,
			);
		};
/* End PBXProject section */

/* Begin PBXResourcesBuildPhase section */
		31214FDE1DA0E69200A69D9A /* Resources */ = {
			isa = PBXResourcesBuildPhase;
			buildActionMask = 2147483647;
			files = (
				31214FF61DA0E69200A69D9A /* LaunchScreen.storyboard in Resources */,
				31214FF31DA0E69200A69D9A /* Assets.xcassets in Resources */,
				312151321DA2920E00A69D9A /* aroundtheworldineightydays_01_verne_64kb.xml in Resources */,
				312151331DA2920E00A69D9A /* list.xml in Resources */,
				31214FF11DA0E69200A69D9A /* Main.storyboard in Resources */,
				312151311DA2920E00A69D9A /* aroundtheworldineightydays_01_verne_64kb.mp3 in Resources */,
				312151341DA2920E00A69D9A /* iPhoneBack.png in Resources */,
			);
			runOnlyForDeploymentPostprocessing = 0;
		};
/* End PBXResourcesBuildPhase section */

/* Begin PBXSourcesBuildPhase section */
		31214FDC1DA0E69200A69D9A /* Sources */ = {
			isa = PBXSourcesBuildPhase;
			buildActionMask = 2147483647;
			files = (
				312151281DA28EE000A69D9A /* BookViewController.m in Sources */,
				31214FE81DA0E69200A69D9A /* AppDelegate.m in Sources */,
				31214FEB1DA0E69200A69D9A /* MasterViewController.m in Sources */,
				7AA049CD1DA37C0F006A8CB4 /* Utils.m in Sources */,
				31214FE51DA0E69200A69D9A /* main.m in Sources */,
				31214FEE1DA0E69200A69D9A /* DetailViewController.m in Sources */,
			);
			runOnlyForDeploymentPostprocessing = 0;
		};
/* End PBXSourcesBuildPhase section */

/* Begin PBXVariantGroup section */
		31214FEF1DA0E69200A69D9A /* Main.storyboard */ = {
			isa = PBXVariantGroup;
			children = (
				31214FF01DA0E69200A69D9A /* Base */,
			);
			name = Main.storyboard;
			sourceTree = "<group>";
		};
		31214FF41DA0E69200A69D9A /* LaunchScreen.storyboard */ = {
			isa = PBXVariantGroup;
			children = (
				31214FF51DA0E69200A69D9A /* Base */,
			);
			name = LaunchScreen.storyboard;
			sourceTree = "<group>";
		};
/* End PBXVariantGroup section */

/* Begin XCBuildConfiguration section */
		31214FF81DA0E69200A69D9A /* Debug */ = {
			isa = XCBuildConfiguration;
			buildSettings = {
				ALWAYS_SEARCH_USER_PATHS = NO;
				CLANG_ANALYZER_NONNULL = YES;
				CLANG_CXX_LANGUAGE_STANDARD = "gnu++0x";
				CLANG_CXX_LIBRARY = "libc++";
				CLANG_ENABLE_MODULES = YES;
				CLANG_ENABLE_OBJC_ARC = YES;
				CLANG_WARN_BOOL_CONVERSION = YES;
				CLANG_WARN_CONSTANT_CONVERSION = YES;
				CLANG_WARN_DIRECT_OBJC_ISA_USAGE = YES_ERROR;
				CLANG_WARN_DOCUMENTATION_COMMENTS = YES;
				CLANG_WARN_EMPTY_BODY = YES;
				CLANG_WARN_ENUM_CONVERSION = YES;
				CLANG_WARN_INFINITE_RECURSION = YES;
				CLANG_WARN_INT_CONVERSION = YES;
				CLANG_WARN_OBJC_ROOT_CLASS = YES_ERROR;
				CLANG_WARN_SUSPICIOUS_MOVES = YES;
				CLANG_WARN_UNREACHABLE_CODE = YES;
				CLANG_WARN__DUPLICATE_METHOD_MATCH = YES;
				"CODE_SIGN_IDENTITY[sdk=iphoneos*]" = "iPhone Developer";
				COPY_PHASE_STRIP = NO;
				DEBUG_INFORMATION_FORMAT = dwarf;
				ENABLE_STRICT_OBJC_MSGSEND = YES;
				ENABLE_TESTABILITY = YES;
				GCC_C_LANGUAGE_STANDARD = gnu99;
				GCC_DYNAMIC_NO_PIC = NO;
				GCC_NO_COMMON_BLOCKS = YES;
				GCC_OPTIMIZATION_LEVEL = 0;
				GCC_PREPROCESSOR_DEFINITIONS = (
					"DEBUG=1",
					"$(inherited)",
				);
				GCC_WARN_64_TO_32_BIT_CONVERSION = YES;
				GCC_WARN_ABOUT_RETURN_TYPE = YES_ERROR;
				GCC_WARN_UNDECLARED_SELECTOR = YES;
				GCC_WARN_UNINITIALIZED_AUTOS = YES_AGGRESSIVE;
				GCC_WARN_UNUSED_FUNCTION = YES;
				GCC_WARN_UNUSED_VARIABLE = YES;
				IPHONEOS_DEPLOYMENT_TARGET = 10.0;
				MTL_ENABLE_DEBUG_INFO = YES;
				ONLY_ACTIVE_ARCH = YES;
				SDKROOT = iphoneos;
			};
			name = Debug;
		};
		31214FF91DA0E69200A69D9A /* Release */ = {
			isa = XCBuildConfiguration;
			buildSettings = {
				ALWAYS_SEARCH_USER_PATHS = NO;
				CLANG_ANALYZER_NONNULL = YES;
				CLANG_CXX_LANGUAGE_STANDARD = "gnu++0x";
				CLANG_CXX_LIBRARY = "libc++";
				CLANG_ENABLE_MODULES = YES;
				CLANG_ENABLE_OBJC_ARC = YES;
				CLANG_WARN_BOOL_CONVERSION = YES;
				CLANG_WARN_CONSTANT_CONVERSION = YES;
				CLANG_WARN_DIRECT_OBJC_ISA_USAGE = YES_ERROR;
				CLANG_WARN_DOCUMENTATION_COMMENTS = YES;
				CLANG_WARN_EMPTY_BODY = YES;
				CLANG_WARN_ENUM_CONVERSION = YES;
				CLANG_WARN_INFINITE_RECURSION = YES;
				CLANG_WARN_INT_CONVERSION = YES;
				CLANG_WARN_OBJC_ROOT_CLASS = YES_ERROR;
				CLANG_WARN_SUSPICIOUS_MOVES = YES;
				CLANG_WARN_UNREACHABLE_CODE = YES;
				CLANG_WARN__DUPLICATE_METHOD_MATCH = YES;
				"CODE_SIGN_IDENTITY[sdk=iphoneos*]" = "iPhone Developer";
				COPY_PHASE_STRIP = NO;
				DEBUG_INFORMATION_FORMAT = "dwarf-with-dsym";
				ENABLE_NS_ASSERTIONS = NO;
				ENABLE_STRICT_OBJC_MSGSEND = YES;
				GCC_C_LANGUAGE_STANDARD = gnu99;
				GCC_NO_COMMON_BLOCKS = YES;
				GCC_WARN_64_TO_32_BIT_CONVERSION = YES;
				GCC_WARN_ABOUT_RETURN_TYPE = YES_ERROR;
				GCC_WARN_UNDECLARED_SELECTOR = YES;
				GCC_WARN_UNINITIALIZED_AUTOS = YES_AGGRESSIVE;
				GCC_WARN_UNUSED_FUNCTION = YES;
				GCC_WARN_UNUSED_VARIABLE = YES;
				IPHONEOS_DEPLOYMENT_TARGET = 10.0;
				MTL_ENABLE_DEBUG_INFO = NO;
				SDKROOT = iphoneos;
				VALIDATE_PRODUCT = YES;
			};
			name = Release;
		};
		31214FFB1DA0E69200A69D9A /* Debug */ = {
			isa = XCBuildConfiguration;
			buildSettings = {
				ASSETCATALOG_COMPILER_APPICON_NAME = AppIcon;
				DEVELOPMENT_TEAM = JN4U23SWSX;
				INFOPLIST_FILE = TextAudioBooks/Info.plist;
				IPHONEOS_DEPLOYMENT_TARGET = 9.0;
				LD_RUNPATH_SEARCH_PATHS = "$(inherited) @executable_path/Frameworks";
				PRODUCT_BUNDLE_IDENTIFIER = kr.co.highwill.TextAudioBooks;
				PRODUCT_NAME = "$(TARGET_NAME)";
			};
			name = Debug;
		};
		31214FFC1DA0E69200A69D9A /* Release */ = {
			isa = XCBuildConfiguration;
			buildSettings = {
				ASSETCATALOG_COMPILER_APPICON_NAME = AppIcon;
				DEVELOPMENT_TEAM = JN4U23SWSX;
				INFOPLIST_FILE = TextAudioBooks/Info.plist;
				IPHONEOS_DEPLOYMENT_TARGET = 9.0;
				LD_RUNPATH_SEARCH_PATHS = "$(inherited) @executable_path/Frameworks";
				PRODUCT_BUNDLE_IDENTIFIER = kr.co.highwill.TextAudioBooks;
				PRODUCT_NAME = "$(TARGET_NAME)";
			};
			name = Release;
		};
/* End XCBuildConfiguration section */

/* Begin XCConfigurationList section */
		31214FDB1DA0E69100A69D9A /* Build configuration list for PBXProject "TextAudioBooks" */ = {
			isa = XCConfigurationList;
			buildConfigurations = (
				31214FF81DA0E69200A69D9A /* Debug */,
				31214FF91DA0E69200A69D9A /* Release */,
			);
			defaultConfigurationIsVisible = 0;
			defaultConfigurationName = Release;
		};
		31214FFA1DA0E69200A69D9A /* Build configuration list for PBXNativeTarget "TextAudioBooks" */ = {
			isa = XCConfigurationList;
			buildConfigurations = (
				31214FFB1DA0E69200A69D9A /* Debug */,
				31214FFC1DA0E69200A69D9A /* Release */,
			);
			defaultConfigurationIsVisible = 0;
			defaultConfigurationName = Release;
		};
/* End XCConfigurationList section */
	};
	rootObject = 31214FD81DA0E69100A69D9A /* Project object */;
}
