// !$*UTF8*$!
{
	archiveVersion = 1;
	classes = {
	};
	objectVersion = 46;
	objects = {

/* Begin PBXBuildFile section */
		31214FE51DA0E69200A69D9A /* main.m in Sources */ = {isa = PBXBuildFile; fileRef = 31214FE41DA0E69200A69D9A /* main.m */; };
		31214FE81DA0E69200A69D9A /* AppDelegate.m in Sources */ = {isa = PBXBuildFile; fileRef = 31214FE71DA0E69200A69D9A /* AppDelegate.m */; };
		31214FEE1DA0E69200A69D9A /* DetailViewController.m in Sources */ = {isa = PBXBuildFile; fileRef = 31214FED1DA0E69200A69D9A /* DetailViewController.m */; };
		31214FF31DA0E69200A69D9A /* Assets.xcassets in Resources */ = {isa = PBXBuildFile; fileRef = 31214FF21DA0E69200A69D9A /* Assets.xcassets */; };
		312151281DA28EE000A69D9A /* BookViewController.m in Sources */ = {isa = PBXBuildFile; fileRef = 312151271DA28EE000A69D9A /* BookViewController.m */; };
		312151471DA7E8A800A69D9A /* libnetwork.tbd in Frameworks */ = {isa = PBXBuildFile; fileRef = 312151461DA7E8A800A69D9A /* libnetwork.tbd */; };
		3121514E1DA9241900A69D9A /* IconDownloader.m in Sources */ = {isa = PBXBuildFile; fileRef = 312151491DA9241900A69D9A /* IconDownloader.m */; };
		3121514F1DA9241900A69D9A /* LatestViewController.m in Sources */ = {isa = PBXBuildFile; fileRef = 3121514B1DA9241900A69D9A /* LatestViewController.m */; };
		312151501DA9241900A69D9A /* ParseOperation.m in Sources */ = {isa = PBXBuildFile; fileRef = 3121514D1DA9241900A69D9A /* ParseOperation.m */; };
		312151531DA9243B00A69D9A /* AppRecord.m in Sources */ = {isa = PBXBuildFile; fileRef = 312151521DA9243B00A69D9A /* AppRecord.m */; };
		7A41D33B1DA4C4CD000D3AB1 /* speaker_off~iphone@2x.png in Resources */ = {isa = PBXBuildFile; fileRef = 7A41D33A1DA4C4CD000D3AB1 /* speaker_off~iphone@2x.png */; };
		7A41D33F1DA5DFD3000D3AB1 /* BookTableViewCell.m in Sources */ = {isa = PBXBuildFile; fileRef = 7A41D33E1DA5DFD3000D3AB1 /* BookTableViewCell.m */; };
		7A41D3431DA62B61000D3AB1 /* ContentsViewController.m in Sources */ = {isa = PBXBuildFile; fileRef = 7A41D3421DA62B61000D3AB1 /* ContentsViewController.m */; };
		7A41D3471DA7621E000D3AB1 /* BookCoverViewController.m in Sources */ = {isa = PBXBuildFile; fileRef = 7A41D3461DA7621E000D3AB1 /* BookCoverViewController.m */; };
		7A41D3701DAB4935000D3AB1 /* Main.storyboard in Resources */ = {isa = PBXBuildFile; fileRef = 7A41D36E1DAB4935000D3AB1 /* Main.storyboard */; };
		7A41D3731DACA006000D3AB1 /* FileDownloadInfo.m in Sources */ = {isa = PBXBuildFile; fileRef = 7A41D3721DACA006000D3AB1 /* FileDownloadInfo.m */; };
		7A41D39B1DACA936000D3AB1 /* aescrypt.c in Sources */ = {isa = PBXBuildFile; fileRef = 7A41D3781DACA936000D3AB1 /* aescrypt.c */; };
		7A41D39C1DACA936000D3AB1 /* aeskey.c in Sources */ = {isa = PBXBuildFile; fileRef = 7A41D3791DACA936000D3AB1 /* aeskey.c */; };
		7A41D39D1DACA936000D3AB1 /* aestab.c in Sources */ = {isa = PBXBuildFile; fileRef = 7A41D37B1DACA936000D3AB1 /* aestab.c */; };
		7A41D39E1DACA936000D3AB1 /* entropy.c in Sources */ = {isa = PBXBuildFile; fileRef = 7A41D37F1DACA936000D3AB1 /* entropy.c */; };
		7A41D39F1DACA936000D3AB1 /* fileenc.c in Sources */ = {isa = PBXBuildFile; fileRef = 7A41D3811DACA936000D3AB1 /* fileenc.c */; };
		7A41D3A01DACA936000D3AB1 /* hmac.c in Sources */ = {isa = PBXBuildFile; fileRef = 7A41D3831DACA936000D3AB1 /* hmac.c */; };
		7A41D3A11DACA936000D3AB1 /* prng.c in Sources */ = {isa = PBXBuildFile; fileRef = 7A41D3851DACA936000D3AB1 /* prng.c */; };
		7A41D3A21DACA936000D3AB1 /* pwd2key.c in Sources */ = {isa = PBXBuildFile; fileRef = 7A41D3871DACA936000D3AB1 /* pwd2key.c */; };
		7A41D3A31DACA936000D3AB1 /* sha1.c in Sources */ = {isa = PBXBuildFile; fileRef = 7A41D3891DACA936000D3AB1 /* sha1.c */; };
		7A41D3A41DACA936000D3AB1 /* Info.plist in Resources */ = {isa = PBXBuildFile; fileRef = 7A41D38B1DACA936000D3AB1 /* Info.plist */; };
		7A41D3A51DACA936000D3AB1 /* ioapi.c in Sources */ = {isa = PBXBuildFile; fileRef = 7A41D38E1DACA936000D3AB1 /* ioapi.c */; };
		7A41D3A61DACA936000D3AB1 /* mztools.c in Sources */ = {isa = PBXBuildFile; fileRef = 7A41D3901DACA936000D3AB1 /* mztools.c */; };
		7A41D3A71DACA936000D3AB1 /* unzip.c in Sources */ = {isa = PBXBuildFile; fileRef = 7A41D3921DACA936000D3AB1 /* unzip.c */; };
		7A41D3A81DACA936000D3AB1 /* zip.c in Sources */ = {isa = PBXBuildFile; fileRef = 7A41D3941DACA936000D3AB1 /* zip.c */; };
		7A41D3AA1DACA936000D3AB1 /* SSZipArchive.m in Sources */ = {isa = PBXBuildFile; fileRef = 7A41D3981DACA936000D3AB1 /* SSZipArchive.m */; };
		7A41D3B21DACADBE000D3AB1 /* StoreManager.m in Sources */ = {isa = PBXBuildFile; fileRef = 7A41D3AE1DACADBE000D3AB1 /* StoreManager.m */; };
		7A41D3B31DACADBE000D3AB1 /* StoreObserver.m in Sources */ = {isa = PBXBuildFile; fileRef = 7A41D3B01DACADBE000D3AB1 /* StoreObserver.m */; };
		7A41D3B51DACAE26000D3AB1 /* StoreKit.framework in Frameworks */ = {isa = PBXBuildFile; fileRef = 7A41D3B41DACAE26000D3AB1 /* StoreKit.framework */; };
		7A41D3B81DACAE6E000D3AB1 /* MyModel.m in Sources */ = {isa = PBXBuildFile; fileRef = 7A41D3B71DACAE6E000D3AB1 /* MyModel.m */; };
		7A41D3BA1DACAEA7000D3AB1 /* libz.tbd in Frameworks */ = {isa = PBXBuildFile; fileRef = 7A41D3B91DACAEA7000D3AB1 /* libz.tbd */; };
		7A41D3BE1DADDF38000D3AB1 /* MyBooksListViewController.m in Sources */ = {isa = PBXBuildFile; fileRef = 7A41D3BD1DADDF38000D3AB1 /* MyBooksListViewController.m */; };
		7A41D3C21DADFE35000D3AB1 /* StoreCell.m in Sources */ = {isa = PBXBuildFile; fileRef = 7A41D3C11DADFE35000D3AB1 /* StoreCell.m */; };
		7A41D3CB1DAF5376000D3AB1 /* CustomSegue.m in Sources */ = {isa = PBXBuildFile; fileRef = 7A41D3C91DAF5376000D3AB1 /* CustomSegue.m */; };
		7A41D3CE1DAF539E000D3AB1 /* CustomUnwindSegue.m in Sources */ = {isa = PBXBuildFile; fileRef = 7A41D3CD1DAF539E000D3AB1 /* CustomUnwindSegue.m */; };
		7AA049CD1DA37C0F006A8CB4 /* Utils.m in Sources */ = {isa = PBXBuildFile; fileRef = 7AA049CC1DA37C0F006A8CB4 /* Utils.m */; };
		7AA049CF1DA4BF38006A8CB4 /* play-off~iphone@3x.png in Resources */ = {isa = PBXBuildFile; fileRef = 7AA049CE1DA4BF38006A8CB4 /* play-off~iphone@3x.png */; };
/* End PBXBuildFile section */

/* Begin PBXFileReference section */
		31214FE01DA0E69200A69D9A /* TextAudioBooks.app */ = {isa = PBXFileReference; explicitFileType = wrapper.application; includeInIndex = 0; path = TextAudioBooks.app; sourceTree = BUILT_PRODUCTS_DIR; };
		31214FE41DA0E69200A69D9A /* main.m */ = {isa = PBXFileReference; lastKnownFileType = sourcecode.c.objc; path = main.m; sourceTree = "<group>"; };
		31214FE61DA0E69200A69D9A /* AppDelegate.h */ = {isa = PBXFileReference; lastKnownFileType = sourcecode.c.h; path = AppDelegate.h; sourceTree = "<group>"; };
		31214FE71DA0E69200A69D9A /* AppDelegate.m */ = {isa = PBXFileReference; lastKnownFileType = sourcecode.c.objc; path = AppDelegate.m; sourceTree = "<group>"; };
		31214FEC1DA0E69200A69D9A /* DetailViewController.h */ = {isa = PBXFileReference; lastKnownFileType = sourcecode.c.h; path = DetailViewController.h; sourceTree = "<group>"; };
		31214FED1DA0E69200A69D9A /* DetailViewController.m */ = {isa = PBXFileReference; lastKnownFileType = sourcecode.c.objc; path = DetailViewController.m; sourceTree = "<group>"; };
		31214FF21DA0E69200A69D9A /* Assets.xcassets */ = {isa = PBXFileReference; lastKnownFileType = folder.assetcatalog; path = Assets.xcassets; sourceTree = "<group>"; };
		31214FF71DA0E69200A69D9A /* Info.plist */ = {isa = PBXFileReference; lastKnownFileType = text.plist.xml; path = Info.plist; sourceTree = "<group>"; };
		312151261DA28E0100A69D9A /* BookViewController.h */ = {isa = PBXFileReference; fileEncoding = 4; lastKnownFileType = sourcecode.c.h; path = BookViewController.h; sourceTree = "<group>"; };
		312151271DA28EE000A69D9A /* BookViewController.m */ = {isa = PBXFileReference; fileEncoding = 4; lastKnownFileType = sourcecode.c.objc; path = BookViewController.m; sourceTree = "<group>"; };
		312151461DA7E8A800A69D9A /* libnetwork.tbd */ = {isa = PBXFileReference; lastKnownFileType = "sourcecode.text-based-dylib-definition"; name = libnetwork.tbd; path = usr/lib/libnetwork.tbd; sourceTree = SDKROOT; };
		312151481DA9241900A69D9A /* IconDownloader.h */ = {isa = PBXFileReference; fileEncoding = 4; lastKnownFileType = sourcecode.c.h; path = IconDownloader.h; sourceTree = "<group>"; };
		312151491DA9241900A69D9A /* IconDownloader.m */ = {isa = PBXFileReference; fileEncoding = 4; lastKnownFileType = sourcecode.c.objc; path = IconDownloader.m; sourceTree = "<group>"; };
		3121514A1DA9241900A69D9A /* LatestViewController.h */ = {isa = PBXFileReference; fileEncoding = 4; lastKnownFileType = sourcecode.c.h; path = LatestViewController.h; sourceTree = "<group>"; };
		3121514B1DA9241900A69D9A /* LatestViewController.m */ = {isa = PBXFileReference; fileEncoding = 4; lastKnownFileType = sourcecode.c.objc; path = LatestViewController.m; sourceTree = "<group>"; };
		3121514C1DA9241900A69D9A /* ParseOperation.h */ = {isa = PBXFileReference; fileEncoding = 4; lastKnownFileType = sourcecode.c.h; path = ParseOperation.h; sourceTree = "<group>"; };
		3121514D1DA9241900A69D9A /* ParseOperation.m */ = {isa = PBXFileReference; fileEncoding = 4; lastKnownFileType = sourcecode.c.objc; path = ParseOperation.m; sourceTree = "<group>"; };
		312151511DA9243B00A69D9A /* AppRecord.h */ = {isa = PBXFileReference; fileEncoding = 4; lastKnownFileType = sourcecode.c.h; path = AppRecord.h; sourceTree = "<group>"; };
		312151521DA9243B00A69D9A /* AppRecord.m */ = {isa = PBXFileReference; fileEncoding = 4; lastKnownFileType = sourcecode.c.objc; path = AppRecord.m; sourceTree = "<group>"; };
		312151541DAA45E400A69D9A /* StoreCell.h */ = {isa = PBXFileReference; fileEncoding = 4; lastKnownFileType = sourcecode.c.h; path = StoreCell.h; sourceTree = "<group>"; };
		7A41D33A1DA4C4CD000D3AB1 /* speaker_off~iphone@2x.png */ = {isa = PBXFileReference; lastKnownFileType = image.png; name = "speaker_off~iphone@2x.png"; path = "images/speaker_off~iphone@2x.png"; sourceTree = "<group>"; };
		7A41D33E1DA5DFD3000D3AB1 /* BookTableViewCell.m */ = {isa = PBXFileReference; fileEncoding = 4; lastKnownFileType = sourcecode.c.objc; path = BookTableViewCell.m; sourceTree = "<group>"; };
		7A41D3401DA5E31F000D3AB1 /* BookTableViewCell.h */ = {isa = PBXFileReference; fileEncoding = 4; lastKnownFileType = sourcecode.c.h; path = BookTableViewCell.h; sourceTree = "<group>"; };
		7A41D3421DA62B61000D3AB1 /* ContentsViewController.m */ = {isa = PBXFileReference; fileEncoding = 4; lastKnownFileType = sourcecode.c.objc; path = ContentsViewController.m; sourceTree = "<group>"; };
		7A41D3441DA62B86000D3AB1 /* ContentsViewController.h */ = {isa = PBXFileReference; fileEncoding = 4; lastKnownFileType = sourcecode.c.h; path = ContentsViewController.h; sourceTree = "<group>"; };
		7A41D3451DA7621E000D3AB1 /* BookCoverViewController.h */ = {isa = PBXFileReference; fileEncoding = 4; lastKnownFileType = sourcecode.c.h; path = BookCoverViewController.h; sourceTree = "<group>"; };
		7A41D3461DA7621E000D3AB1 /* BookCoverViewController.m */ = {isa = PBXFileReference; fileEncoding = 4; lastKnownFileType = sourcecode.c.objc; path = BookCoverViewController.m; sourceTree = "<group>"; };
		7A41D36F1DAB4935000D3AB1 /* Base */ = {isa = PBXFileReference; lastKnownFileType = file.storyboard; name = Base; path = TextAudioBooks/Base.lproj/Main.storyboard; sourceTree = "<group>"; };
		7A41D3711DACA006000D3AB1 /* FileDownloadInfo.h */ = {isa = PBXFileReference; fileEncoding = 4; lastKnownFileType = sourcecode.c.h; path = FileDownloadInfo.h; sourceTree = "<group>"; };
		7A41D3721DACA006000D3AB1 /* FileDownloadInfo.m */ = {isa = PBXFileReference; fileEncoding = 4; lastKnownFileType = sourcecode.c.objc; path = FileDownloadInfo.m; sourceTree = "<group>"; };
		7A41D3761DACA936000D3AB1 /* aes.h */ = {isa = PBXFileReference; fileEncoding = 4; lastKnownFileType = sourcecode.c.h; path = aes.h; sourceTree = "<group>"; };
		7A41D3771DACA936000D3AB1 /* aes_via_ace.h */ = {isa = PBXFileReference; fileEncoding = 4; lastKnownFileType = sourcecode.c.h; path = aes_via_ace.h; sourceTree = "<group>"; };
		7A41D3781DACA936000D3AB1 /* aescrypt.c */ = {isa = PBXFileReference; fileEncoding = 4; lastKnownFileType = sourcecode.c.c; path = aescrypt.c; sourceTree = "<group>"; };
		7A41D3791DACA936000D3AB1 /* aeskey.c */ = {isa = PBXFileReference; fileEncoding = 4; lastKnownFileType = sourcecode.c.c; path = aeskey.c; sourceTree = "<group>"; };
		7A41D37A1DACA936000D3AB1 /* aesopt.h */ = {isa = PBXFileReference; fileEncoding = 4; lastKnownFileType = sourcecode.c.h; path = aesopt.h; sourceTree = "<group>"; };
		7A41D37B1DACA936000D3AB1 /* aestab.c */ = {isa = PBXFileReference; fileEncoding = 4; lastKnownFileType = sourcecode.c.c; path = aestab.c; sourceTree = "<group>"; };
		7A41D37C1DACA936000D3AB1 /* aestab.h */ = {isa = PBXFileReference; fileEncoding = 4; lastKnownFileType = sourcecode.c.h; path = aestab.h; sourceTree = "<group>"; };
		7A41D37D1DACA936000D3AB1 /* brg_endian.h */ = {isa = PBXFileReference; fileEncoding = 4; lastKnownFileType = sourcecode.c.h; path = brg_endian.h; sourceTree = "<group>"; };
		7A41D37E1DACA936000D3AB1 /* brg_types.h */ = {isa = PBXFileReference; fileEncoding = 4; lastKnownFileType = sourcecode.c.h; path = brg_types.h; sourceTree = "<group>"; };
		7A41D37F1DACA936000D3AB1 /* entropy.c */ = {isa = PBXFileReference; fileEncoding = 4; lastKnownFileType = sourcecode.c.c; path = entropy.c; sourceTree = "<group>"; };
		7A41D3801DACA936000D3AB1 /* entropy.h */ = {isa = PBXFileReference; fileEncoding = 4; lastKnownFileType = sourcecode.c.h; path = entropy.h; sourceTree = "<group>"; };
		7A41D3811DACA936000D3AB1 /* fileenc.c */ = {isa = PBXFileReference; fileEncoding = 4; lastKnownFileType = sourcecode.c.c; path = fileenc.c; sourceTree = "<group>"; };
		7A41D3821DACA936000D3AB1 /* fileenc.h */ = {isa = PBXFileReference; fileEncoding = 4; lastKnownFileType = sourcecode.c.h; path = fileenc.h; sourceTree = "<group>"; };
		7A41D3831DACA936000D3AB1 /* hmac.c */ = {isa = PBXFileReference; fileEncoding = 4; lastKnownFileType = sourcecode.c.c; path = hmac.c; sourceTree = "<group>"; };
		7A41D3841DACA936000D3AB1 /* hmac.h */ = {isa = PBXFileReference; fileEncoding = 4; lastKnownFileType = sourcecode.c.h; path = hmac.h; sourceTree = "<group>"; };
		7A41D3851DACA936000D3AB1 /* prng.c */ = {isa = PBXFileReference; fileEncoding = 4; lastKnownFileType = sourcecode.c.c; path = prng.c; sourceTree = "<group>"; };
		7A41D3861DACA936000D3AB1 /* prng.h */ = {isa = PBXFileReference; fileEncoding = 4; lastKnownFileType = sourcecode.c.h; path = prng.h; sourceTree = "<group>"; };
		7A41D3871DACA936000D3AB1 /* pwd2key.c */ = {isa = PBXFileReference; fileEncoding = 4; lastKnownFileType = sourcecode.c.c; path = pwd2key.c; sourceTree = "<group>"; };
		7A41D3881DACA936000D3AB1 /* pwd2key.h */ = {isa = PBXFileReference; fileEncoding = 4; lastKnownFileType = sourcecode.c.h; path = pwd2key.h; sourceTree = "<group>"; };
		7A41D3891DACA936000D3AB1 /* sha1.c */ = {isa = PBXFileReference; fileEncoding = 4; lastKnownFileType = sourcecode.c.c; path = sha1.c; sourceTree = "<group>"; };
		7A41D38A1DACA936000D3AB1 /* sha1.h */ = {isa = PBXFileReference; fileEncoding = 4; lastKnownFileType = sourcecode.c.h; path = sha1.h; sourceTree = "<group>"; };
		7A41D38B1DACA936000D3AB1 /* Info.plist */ = {isa = PBXFileReference; fileEncoding = 4; lastKnownFileType = text.plist.xml; path = Info.plist; sourceTree = "<group>"; };
		7A41D38D1DACA936000D3AB1 /* crypt.h */ = {isa = PBXFileReference; fileEncoding = 4; lastKnownFileType = sourcecode.c.h; path = crypt.h; sourceTree = "<group>"; };
		7A41D38E1DACA936000D3AB1 /* ioapi.c */ = {isa = PBXFileReference; fileEncoding = 4; lastKnownFileType = sourcecode.c.c; path = ioapi.c; sourceTree = "<group>"; };
		7A41D38F1DACA936000D3AB1 /* ioapi.h */ = {isa = PBXFileReference; fileEncoding = 4; lastKnownFileType = sourcecode.c.h; path = ioapi.h; sourceTree = "<group>"; };
		7A41D3901DACA936000D3AB1 /* mztools.c */ = {isa = PBXFileReference; fileEncoding = 4; lastKnownFileType = sourcecode.c.c; path = mztools.c; sourceTree = "<group>"; };
		7A41D3911DACA936000D3AB1 /* mztools.h */ = {isa = PBXFileReference; fileEncoding = 4; lastKnownFileType = sourcecode.c.h; path = mztools.h; sourceTree = "<group>"; };
		7A41D3921DACA936000D3AB1 /* unzip.c */ = {isa = PBXFileReference; fileEncoding = 4; lastKnownFileType = sourcecode.c.c; path = unzip.c; sourceTree = "<group>"; };
		7A41D3931DACA936000D3AB1 /* unzip.h */ = {isa = PBXFileReference; fileEncoding = 4; lastKnownFileType = sourcecode.c.h; path = unzip.h; sourceTree = "<group>"; };
		7A41D3941DACA936000D3AB1 /* zip.c */ = {isa = PBXFileReference; fileEncoding = 4; lastKnownFileType = sourcecode.c.c; path = zip.c; sourceTree = "<group>"; };
		7A41D3951DACA936000D3AB1 /* zip.h */ = {isa = PBXFileReference; fileEncoding = 4; lastKnownFileType = sourcecode.c.h; path = zip.h; sourceTree = "<group>"; };
		7A41D3971DACA936000D3AB1 /* SSZipArchive.h */ = {isa = PBXFileReference; fileEncoding = 4; lastKnownFileType = sourcecode.c.h; path = SSZipArchive.h; sourceTree = "<group>"; };
		7A41D3981DACA936000D3AB1 /* SSZipArchive.m */ = {isa = PBXFileReference; fileEncoding = 4; lastKnownFileType = sourcecode.c.objc; path = SSZipArchive.m; sourceTree = "<group>"; };
		7A41D3991DACA936000D3AB1 /* SSZipCommon.h */ = {isa = PBXFileReference; fileEncoding = 4; lastKnownFileType = sourcecode.c.h; path = SSZipCommon.h; sourceTree = "<group>"; };
		7A41D39A1DACA936000D3AB1 /* ZipArchive.h */ = {isa = PBXFileReference; fileEncoding = 4; lastKnownFileType = sourcecode.c.h; path = ZipArchive.h; sourceTree = "<group>"; };
		7A41D3AD1DACADBE000D3AB1 /* StoreManager.h */ = {isa = PBXFileReference; fileEncoding = 4; lastKnownFileType = sourcecode.c.h; path = StoreManager.h; sourceTree = "<group>"; };
		7A41D3AE1DACADBE000D3AB1 /* StoreManager.m */ = {isa = PBXFileReference; fileEncoding = 4; lastKnownFileType = sourcecode.c.objc; path = StoreManager.m; sourceTree = "<group>"; };
		7A41D3AF1DACADBE000D3AB1 /* StoreObserver.h */ = {isa = PBXFileReference; fileEncoding = 4; lastKnownFileType = sourcecode.c.h; path = StoreObserver.h; sourceTree = "<group>"; };
		7A41D3B01DACADBE000D3AB1 /* StoreObserver.m */ = {isa = PBXFileReference; fileEncoding = 4; lastKnownFileType = sourcecode.c.objc; path = StoreObserver.m; sourceTree = "<group>"; };
		7A41D3B41DACAE26000D3AB1 /* StoreKit.framework */ = {isa = PBXFileReference; lastKnownFileType = wrapper.framework; name = StoreKit.framework; path = System/Library/Frameworks/StoreKit.framework; sourceTree = SDKROOT; };
		7A41D3B61DACAE6E000D3AB1 /* MyModel.h */ = {isa = PBXFileReference; fileEncoding = 4; lastKnownFileType = sourcecode.c.h; path = MyModel.h; sourceTree = "<group>"; };
		7A41D3B71DACAE6E000D3AB1 /* MyModel.m */ = {isa = PBXFileReference; fileEncoding = 4; lastKnownFileType = sourcecode.c.objc; path = MyModel.m; sourceTree = "<group>"; };
		7A41D3B91DACAEA7000D3AB1 /* libz.tbd */ = {isa = PBXFileReference; lastKnownFileType = "sourcecode.text-based-dylib-definition"; name = libz.tbd; path = usr/lib/libz.tbd; sourceTree = SDKROOT; };
		7A41D3BC1DADDF38000D3AB1 /* MyBooksListViewController.h */ = {isa = PBXFileReference; fileEncoding = 4; lastKnownFileType = sourcecode.c.h; path = MyBooksListViewController.h; sourceTree = "<group>"; };
		7A41D3BD1DADDF38000D3AB1 /* MyBooksListViewController.m */ = {isa = PBXFileReference; fileEncoding = 4; lastKnownFileType = sourcecode.c.objc; path = MyBooksListViewController.m; sourceTree = "<group>"; };
		7A41D3C11DADFE35000D3AB1 /* StoreCell.m */ = {isa = PBXFileReference; fileEncoding = 4; lastKnownFileType = sourcecode.c.objc; path = StoreCell.m; sourceTree = "<group>"; };
		7A41D3C81DAF5376000D3AB1 /* CustomSegue.h */ = {isa = PBXFileReference; fileEncoding = 4; lastKnownFileType = sourcecode.c.h; path = CustomSegue.h; sourceTree = "<group>"; };
		7A41D3C91DAF5376000D3AB1 /* CustomSegue.m */ = {isa = PBXFileReference; fileEncoding = 4; lastKnownFileType = sourcecode.c.objc; path = CustomSegue.m; sourceTree = "<group>"; };
		7A41D3CC1DAF539E000D3AB1 /* CustomUnwindSegue.h */ = {isa = PBXFileReference; fileEncoding = 4; lastKnownFileType = sourcecode.c.h; path = CustomUnwindSegue.h; sourceTree = "<group>"; };
		7A41D3CD1DAF539E000D3AB1 /* CustomUnwindSegue.m */ = {isa = PBXFileReference; fileEncoding = 4; lastKnownFileType = sourcecode.c.objc; path = CustomUnwindSegue.m; sourceTree = "<group>"; };
		7AA049CB1DA37C0F006A8CB4 /* Utils.h */ = {isa = PBXFileReference; fileEncoding = 4; lastKnownFileType = sourcecode.c.h; path = Utils.h; sourceTree = "<group>"; };
		7AA049CC1DA37C0F006A8CB4 /* Utils.m */ = {isa = PBXFileReference; fileEncoding = 4; lastKnownFileType = sourcecode.c.objc; path = Utils.m; sourceTree = "<group>"; };
		7AA049CE1DA4BF38006A8CB4 /* play-off~iphone@3x.png */ = {isa = PBXFileReference; lastKnownFileType = image.png; name = "play-off~iphone@3x.png"; path = "images/play-off~iphone@3x.png"; sourceTree = "<group>"; };
/* End PBXFileReference section */

/* Begin PBXFrameworksBuildPhase section */
		31214FDD1DA0E69200A69D9A /* Frameworks */ = {
			isa = PBXFrameworksBuildPhase;
			buildActionMask = 2147483647;
			files = (
				7A41D3BA1DACAEA7000D3AB1 /* libz.tbd in Frameworks */,
				312151471DA7E8A800A69D9A /* libnetwork.tbd in Frameworks */,
				7A41D3B51DACAE26000D3AB1 /* StoreKit.framework in Frameworks */,
			);
			runOnlyForDeploymentPostprocessing = 0;
		};
/* End PBXFrameworksBuildPhase section */

/* Begin PBXGroup section */
		31214FD71DA0E69100A69D9A = {
			isa = PBXGroup;
			children = (
				7A41D36E1DAB4935000D3AB1 /* Main.storyboard */,
				31214FE21DA0E69200A69D9A /* TextAudioBooks */,
				31214FE11DA0E69200A69D9A /* Products */,
				312151451DA7E8A800A69D9A /* Frameworks */,
			);
			sourceTree = "<group>";
		};
		31214FE11DA0E69200A69D9A /* Products */ = {
			isa = PBXGroup;
			children = (
				31214FE01DA0E69200A69D9A /* TextAudioBooks.app */,
			);
			name = Products;
			sourceTree = "<group>";
		};
		31214FE21DA0E69200A69D9A /* TextAudioBooks */ = {
			isa = PBXGroup;
			children = (
				7A41D3C01DADF76E000D3AB1 /* Common */,
				3121511E1DA285B000A69D9A /* ViewController */,
				3121511D1DA285A600A69D9A /* Commons */,
				3121511C1DA2858F00A69D9A /* Purchase */,
				3121511B1DA2858000A69D9A /* Download */,
				3121511A1DA2857300A69D9A /* Images */,
				31214FF21DA0E69200A69D9A /* Assets.xcassets */,
				31214FE31DA0E69200A69D9A /* Supporting Files */,
			);
			path = TextAudioBooks;
			sourceTree = "<group>";
		};
		31214FE31DA0E69200A69D9A /* Supporting Files */ = {
			isa = PBXGroup;
			children = (
				31214FE41DA0E69200A69D9A /* main.m */,
			);
			name = "Supporting Files";
			sourceTree = "<group>";
		};
		3121511A1DA2857300A69D9A /* Images */ = {
			isa = PBXGroup;
			children = (
				7A41D33A1DA4C4CD000D3AB1 /* speaker_off~iphone@2x.png */,
				7AA049CE1DA4BF38006A8CB4 /* play-off~iphone@3x.png */,
			);
			name = Images;
			sourceTree = "<group>";
		};
		3121511B1DA2858000A69D9A /* Download */ = {
			isa = PBXGroup;
			children = (
				7A41D3711DACA006000D3AB1 /* FileDownloadInfo.h */,
				7A41D3721DACA006000D3AB1 /* FileDownloadInfo.m */,
			);
			name = Download;
			sourceTree = "<group>";
		};
		3121511C1DA2858F00A69D9A /* Purchase */ = {
			isa = PBXGroup;
			children = (
				7A41D3B61DACAE6E000D3AB1 /* MyModel.h */,
				7A41D3B71DACAE6E000D3AB1 /* MyModel.m */,
				7A41D3AD1DACADBE000D3AB1 /* StoreManager.h */,
				7A41D3AE1DACADBE000D3AB1 /* StoreManager.m */,
				7A41D3AF1DACADBE000D3AB1 /* StoreObserver.h */,
				7A41D3B01DACADBE000D3AB1 /* StoreObserver.m */,
			);
			name = Purchase;
			sourceTree = "<group>";
		};
		3121511D1DA285A600A69D9A /* Commons */ = {
			isa = PBXGroup;
			children = (
				7A41D3741DACA936000D3AB1 /* SSZipArchive */,
				7AA049CB1DA37C0F006A8CB4 /* Utils.h */,
				7AA049CC1DA37C0F006A8CB4 /* Utils.m */,
				31214FF71DA0E69200A69D9A /* Info.plist */,
				31214FE61DA0E69200A69D9A /* AppDelegate.h */,
				31214FE71DA0E69200A69D9A /* AppDelegate.m */,
			);
			name = Commons;
			sourceTree = "<group>";
		};
		3121511E1DA285B000A69D9A /* ViewController */ = {
			isa = PBXGroup;
			children = (
				312151211DA2869600A69D9A /* Library */,
				3121511F1DA285F500A69D9A /* Store */,
			);
			name = ViewController;
			sourceTree = "<group>";
		};
		3121511F1DA285F500A69D9A /* Store */ = {
			isa = PBXGroup;
			children = (
				7A41D3BF1DADF6E6000D3AB1 /* ViewController */,
			);
			name = Store;
			sourceTree = "<group>";
		};
		312151211DA2869600A69D9A /* Library */ = {
			isa = PBXGroup;
			children = (
				7A41D3BB1DADDF1C000D3AB1 /* MyBooks */,
				312151381DA6866D00A69D9A /* Cover */,
				7A41D3411DA62B3F000D3AB1 /* Contents */,
				3121515A1DAA83BB00A69D9A /* Book */,
			);
			name = Library;
			sourceTree = "<group>";
		};
		312151381DA6866D00A69D9A /* Cover */ = {
			isa = PBXGroup;
			children = (
				7A41D3451DA7621E000D3AB1 /* BookCoverViewController.h */,
				7A41D3461DA7621E000D3AB1 /* BookCoverViewController.m */,
			);
			name = Cover;
			sourceTree = "<group>";
		};
		312151451DA7E8A800A69D9A /* Frameworks */ = {
			isa = PBXGroup;
			children = (
				7A41D3B91DACAEA7000D3AB1 /* libz.tbd */,
				7A41D3B41DACAE26000D3AB1 /* StoreKit.framework */,
				312151461DA7E8A800A69D9A /* libnetwork.tbd */,
			);
			name = Frameworks;
			sourceTree = "<group>";
		};
		3121515A1DAA83BB00A69D9A /* Book */ = {
			isa = PBXGroup;
			children = (
				312151261DA28E0100A69D9A /* BookViewController.h */,
				312151271DA28EE000A69D9A /* BookViewController.m */,
				7A41D3401DA5E31F000D3AB1 /* BookTableViewCell.h */,
				7A41D33E1DA5DFD3000D3AB1 /* BookTableViewCell.m */,
			);
			name = Book;
			sourceTree = "<group>";
		};
		7A41D3411DA62B3F000D3AB1 /* Contents */ = {
			isa = PBXGroup;
			children = (
				7A41D3441DA62B86000D3AB1 /* ContentsViewController.h */,
				7A41D3421DA62B61000D3AB1 /* ContentsViewController.m */,
			);
			name = Contents;
			sourceTree = "<group>";
		};
		7A41D3741DACA936000D3AB1 /* SSZipArchive */ = {
			isa = PBXGroup;
			children = (
				7A41D3751DACA936000D3AB1 /* aes */,
				7A41D38B1DACA936000D3AB1 /* Info.plist */,
				7A41D38C1DACA936000D3AB1 /* minizip */,
				7A41D3971DACA936000D3AB1 /* SSZipArchive.h */,
				7A41D3981DACA936000D3AB1 /* SSZipArchive.m */,
				7A41D3991DACA936000D3AB1 /* SSZipCommon.h */,
				7A41D39A1DACA936000D3AB1 /* ZipArchive.h */,
			);
			path = SSZipArchive;
			sourceTree = "<group>";
		};
		7A41D3751DACA936000D3AB1 /* aes */ = {
			isa = PBXGroup;
			children = (
				7A41D3761DACA936000D3AB1 /* aes.h */,
				7A41D3771DACA936000D3AB1 /* aes_via_ace.h */,
				7A41D3781DACA936000D3AB1 /* aescrypt.c */,
				7A41D3791DACA936000D3AB1 /* aeskey.c */,
				7A41D37A1DACA936000D3AB1 /* aesopt.h */,
				7A41D37B1DACA936000D3AB1 /* aestab.c */,
				7A41D37C1DACA936000D3AB1 /* aestab.h */,
				7A41D37D1DACA936000D3AB1 /* brg_endian.h */,
				7A41D37E1DACA936000D3AB1 /* brg_types.h */,
				7A41D37F1DACA936000D3AB1 /* entropy.c */,
				7A41D3801DACA936000D3AB1 /* entropy.h */,
				7A41D3811DACA936000D3AB1 /* fileenc.c */,
				7A41D3821DACA936000D3AB1 /* fileenc.h */,
				7A41D3831DACA936000D3AB1 /* hmac.c */,
				7A41D3841DACA936000D3AB1 /* hmac.h */,
				7A41D3851DACA936000D3AB1 /* prng.c */,
				7A41D3861DACA936000D3AB1 /* prng.h */,
				7A41D3871DACA936000D3AB1 /* pwd2key.c */,
				7A41D3881DACA936000D3AB1 /* pwd2key.h */,
				7A41D3891DACA936000D3AB1 /* sha1.c */,
				7A41D38A1DACA936000D3AB1 /* sha1.h */,
			);
			path = aes;
			sourceTree = "<group>";
		};
		7A41D38C1DACA936000D3AB1 /* minizip */ = {
			isa = PBXGroup;
			children = (
				7A41D38D1DACA936000D3AB1 /* crypt.h */,
				7A41D38E1DACA936000D3AB1 /* ioapi.c */,
				7A41D38F1DACA936000D3AB1 /* ioapi.h */,
				7A41D3901DACA936000D3AB1 /* mztools.c */,
				7A41D3911DACA936000D3AB1 /* mztools.h */,
				7A41D3921DACA936000D3AB1 /* unzip.c */,
				7A41D3931DACA936000D3AB1 /* unzip.h */,
				7A41D3941DACA936000D3AB1 /* zip.c */,
				7A41D3951DACA936000D3AB1 /* zip.h */,
			);
			path = minizip;
			sourceTree = "<group>";
		};
		7A41D3BB1DADDF1C000D3AB1 /* MyBooks */ = {
			isa = PBXGroup;
			children = (
				7A41D3BC1DADDF38000D3AB1 /* MyBooksListViewController.h */,
				7A41D3BD1DADDF38000D3AB1 /* MyBooksListViewController.m */,
			);
			name = MyBooks;
			sourceTree = "<group>";
		};
		7A41D3BF1DADF6E6000D3AB1 /* ViewController */ = {
			isa = PBXGroup;
			children = (
				312151541DAA45E400A69D9A /* StoreCell.h */,
				7A41D3C11DADFE35000D3AB1 /* StoreCell.m */,
				3121514A1DA9241900A69D9A /* LatestViewController.h */,
				3121514B1DA9241900A69D9A /* LatestViewController.m */,
				31214FEC1DA0E69200A69D9A /* DetailViewController.h */,
				31214FED1DA0E69200A69D9A /* DetailViewController.m */,
			);
			name = ViewController;
			sourceTree = "<group>";
		};
		7A41D3C01DADF76E000D3AB1 /* Common */ = {
			isa = PBXGroup;
			children = (
				7A41D3CF1DAF53A6000D3AB1 /* Segue */,
				312151511DA9243B00A69D9A /* AppRecord.h */,
				312151521DA9243B00A69D9A /* AppRecord.m */,
				312151481DA9241900A69D9A /* IconDownloader.h */,
				312151491DA9241900A69D9A /* IconDownloader.m */,
				3121514C1DA9241900A69D9A /* ParseOperation.h */,
				3121514D1DA9241900A69D9A /* ParseOperation.m */,
			);
			name = Common;
			sourceTree = "<group>";
		};
		7A41D3CF1DAF53A6000D3AB1 /* Segue */ = {
			isa = PBXGroup;
			children = (
				7A41D3CC1DAF539E000D3AB1 /* CustomUnwindSegue.h */,
				7A41D3CD1DAF539E000D3AB1 /* CustomUnwindSegue.m */,
				7A41D3C81DAF5376000D3AB1 /* CustomSegue.h */,
				7A41D3C91DAF5376000D3AB1 /* CustomSegue.m */,
			);
			name = Segue;
			sourceTree = "<group>";
		};
/* End PBXGroup section */

/* Begin PBXNativeTarget section */
		31214FDF1DA0E69200A69D9A /* TextAudioBooks */ = {
			isa = PBXNativeTarget;
			buildConfigurationList = 31214FFA1DA0E69200A69D9A /* Build configuration list for PBXNativeTarget "TextAudioBooks" */;
			buildPhases = (
				31214FDC1DA0E69200A69D9A /* Sources */,
				31214FDD1DA0E69200A69D9A /* Frameworks */,
				31214FDE1DA0E69200A69D9A /* Resources */,
			);
			buildRules = (
			);
			dependencies = (
			);
			name = TextAudioBooks;
			productName = TextAudioBooks;
			productReference = 31214FE01DA0E69200A69D9A /* TextAudioBooks.app */;
			productType = "com.apple.product-type.application";
		};
/* End PBXNativeTarget section */

/* Begin PBXProject section */
		31214FD81DA0E69100A69D9A /* Project object */ = {
			isa = PBXProject;
			attributes = {
				LastUpgradeCheck = 0800;
				ORGANIZATIONNAME = highwill;
				TargetAttributes = {
					31214FDF1DA0E69200A69D9A = {
						CreatedOnToolsVersion = 8.0;
						DevelopmentTeam = JN4U23SWSX;
						ProvisioningStyle = Automatic;
						SystemCapabilities = {
							com.apple.BackgroundModes = {
								enabled = 1;
							};
							com.apple.InAppPurchase = {
								enabled = 1;
							};
						};
					};
				};
			};
			buildConfigurationList = 31214FDB1DA0E69100A69D9A /* Build configuration list for PBXProject "TextAudioBooks" */;
			compatibilityVersion = "Xcode 3.2";
			developmentRegion = English;
			hasScannedForEncodings = 0;
			knownRegions = (
				en,
				Base,
			);
			mainGroup = 31214FD71DA0E69100A69D9A;
			productRefGroup = 31214FE11DA0E69200A69D9A /* Products */;
			projectDirPath = "";
			projectRoot = "";
			targets = (
				31214FDF1DA0E69200A69D9A /* TextAudioBooks */,
			);
		};
/* End PBXProject section */

/* Begin PBXResourcesBuildPhase section */
		31214FDE1DA0E69200A69D9A /* Resources */ = {
			isa = PBXResourcesBuildPhase;
			buildActionMask = 2147483647;
			files = (
				31214FF31DA0E69200A69D9A /* Assets.xcassets in Resources */,
				7A41D3A41DACA936000D3AB1 /* Info.plist in Resources */,
				7AA049CF1DA4BF38006A8CB4 /* play-off~iphone@3x.png in Resources */,
				7A41D3701DAB4935000D3AB1 /* Main.storyboard in Resources */,
				7A41D33B1DA4C4CD000D3AB1 /* speaker_off~iphone@2x.png in Resources */,
			);
			runOnlyForDeploymentPostprocessing = 0;
		};
/* End PBXResourcesBuildPhase section */

/* Begin PBXSourcesBuildPhase section */
		31214FDC1DA0E69200A69D9A /* Sources */ = {
			isa = PBXSourcesBuildPhase;
			buildActionMask = 2147483647;
			files = (
				7A41D3A01DACA936000D3AB1 /* hmac.c in Sources */,
				3121514E1DA9241900A69D9A /* IconDownloader.m in Sources */,
				7A41D39F1DACA936000D3AB1 /* fileenc.c in Sources */,
				7A41D3471DA7621E000D3AB1 /* BookCoverViewController.m in Sources */,
				7A41D3B81DACAE6E000D3AB1 /* MyModel.m in Sources */,
				7A41D3AA1DACA936000D3AB1 /* SSZipArchive.m in Sources */,
				7A41D3A71DACA936000D3AB1 /* unzip.c in Sources */,
				7A41D3431DA62B61000D3AB1 /* ContentsViewController.m in Sources */,
				312151531DA9243B00A69D9A /* AppRecord.m in Sources */,
				7A41D3B21DACADBE000D3AB1 /* StoreManager.m in Sources */,
				7A41D39E1DACA936000D3AB1 /* entropy.c in Sources */,
				312151281DA28EE000A69D9A /* BookViewController.m in Sources */,
				7A41D3A61DACA936000D3AB1 /* mztools.c in Sources */,
				31214FE81DA0E69200A69D9A /* AppDelegate.m in Sources */,
				7A41D3A81DACA936000D3AB1 /* zip.c in Sources */,
				3121514F1DA9241900A69D9A /* LatestViewController.m in Sources */,
				7A41D39D1DACA936000D3AB1 /* aestab.c in Sources */,
				7A41D3CB1DAF5376000D3AB1 /* CustomSegue.m in Sources */,
				7A41D3A21DACA936000D3AB1 /* pwd2key.c in Sources */,
				7A41D3A11DACA936000D3AB1 /* prng.c in Sources */,
				7A41D3CE1DAF539E000D3AB1 /* CustomUnwindSegue.m in Sources */,
				7A41D3C21DADFE35000D3AB1 /* StoreCell.m in Sources */,
				312151501DA9241900A69D9A /* ParseOperation.m in Sources */,
				7A41D3BE1DADDF38000D3AB1 /* MyBooksListViewController.m in Sources */,
				7A41D33F1DA5DFD3000D3AB1 /* BookTableViewCell.m in Sources */,
				7AA049CD1DA37C0F006A8CB4 /* Utils.m in Sources */,
				7A41D39C1DACA936000D3AB1 /* aeskey.c in Sources */,
				7A41D3A51DACA936000D3AB1 /* ioapi.c in Sources */,
				7A41D3A31DACA936000D3AB1 /* sha1.c in Sources */,
				31214FE51DA0E69200A69D9A /* main.m in Sources */,
				7A41D3B31DACADBE000D3AB1 /* StoreObserver.m in Sources */,
				31214FEE1DA0E69200A69D9A /* DetailViewController.m in Sources */,
				7A41D39B1DACA936000D3AB1 /* aescrypt.c in Sources */,
				7A41D3731DACA006000D3AB1 /* FileDownloadInfo.m in Sources */,
			);
			runOnlyForDeploymentPostprocessing = 0;
		};
/* End PBXSourcesBuildPhase section */

/* Begin PBXVariantGroup section */
		7A41D36E1DAB4935000D3AB1 /* Main.storyboard */ = {
			isa = PBXVariantGroup;
			children = (
				7A41D36F1DAB4935000D3AB1 /* Base */,
			);
			name = Main.storyboard;
			sourceTree = "<group>";
		};
/* End PBXVariantGroup section */

/* Begin XCBuildConfiguration section */
		31214FF81DA0E69200A69D9A /* Debug */ = {
			isa = XCBuildConfiguration;
			buildSettings = {
				ALWAYS_SEARCH_USER_PATHS = NO;
				CLANG_ANALYZER_NONNULL = YES;
				CLANG_CXX_LANGUAGE_STANDARD = "gnu++0x";
				CLANG_CXX_LIBRARY = "libc++";
				CLANG_ENABLE_MODULES = YES;
				CLANG_ENABLE_OBJC_ARC = YES;
				CLANG_WARN_BOOL_CONVERSION = YES;
				CLANG_WARN_CONSTANT_CONVERSION = YES;
				CLANG_WARN_DIRECT_OBJC_ISA_USAGE = YES_ERROR;
				CLANG_WARN_DOCUMENTATION_COMMENTS = YES;
				CLANG_WARN_EMPTY_BODY = YES;
				CLANG_WARN_ENUM_CONVERSION = YES;
				CLANG_WARN_INFINITE_RECURSION = YES;
				CLANG_WARN_INT_CONVERSION = YES;
				CLANG_WARN_OBJC_ROOT_CLASS = YES_ERROR;
				CLANG_WARN_SUSPICIOUS_MOVES = YES;
				CLANG_WARN_UNREACHABLE_CODE = YES;
				CLANG_WARN__DUPLICATE_METHOD_MATCH = YES;
				"CODE_SIGN_IDENTITY[sdk=iphoneos*]" = "iPhone Developer";
				COPY_PHASE_STRIP = NO;
				DEBUG_INFORMATION_FORMAT = dwarf;
				ENABLE_STRICT_OBJC_MSGSEND = YES;
				ENABLE_TESTABILITY = YES;
				GCC_C_LANGUAGE_STANDARD = gnu99;
				GCC_DYNAMIC_NO_PIC = NO;
				GCC_NO_COMMON_BLOCKS = YES;
				GCC_OPTIMIZATION_LEVEL = 0;
				GCC_PREPROCESSOR_DEFINITIONS = (
					"DEBUG=1",
					"$(inherited)",
				);
				GCC_WARN_64_TO_32_BIT_CONVERSION = YES;
				GCC_WARN_ABOUT_RETURN_TYPE = YES_ERROR;
				GCC_WARN_UNDECLARED_SELECTOR = YES;
				GCC_WARN_UNINITIALIZED_AUTOS = YES_AGGRESSIVE;
				GCC_WARN_UNUSED_FUNCTION = YES;
				GCC_WARN_UNUSED_VARIABLE = YES;
				IPHONEOS_DEPLOYMENT_TARGET = 10.0;
				MTL_ENABLE_DEBUG_INFO = YES;
				ONLY_ACTIVE_ARCH = YES;
				SDKROOT = iphoneos;
			};
			name = Debug;
		};
		31214FF91DA0E69200A69D9A /* Release */ = {
			isa = XCBuildConfiguration;
			buildSettings = {
				ALWAYS_SEARCH_USER_PATHS = NO;
				CLANG_ANALYZER_NONNULL = YES;
				CLANG_CXX_LANGUAGE_STANDARD = "gnu++0x";
				CLANG_CXX_LIBRARY = "libc++";
				CLANG_ENABLE_MODULES = YES;
				CLANG_ENABLE_OBJC_ARC = YES;
				CLANG_WARN_BOOL_CONVERSION = YES;
				CLANG_WARN_CONSTANT_CONVERSION = YES;
				CLANG_WARN_DIRECT_OBJC_ISA_USAGE = YES_ERROR;
				CLANG_WARN_DOCUMENTATION_COMMENTS = YES;
				CLANG_WARN_EMPTY_BODY = YES;
				CLANG_WARN_ENUM_CONVERSION = YES;
				CLANG_WARN_INFINITE_RECURSION = YES;
				CLANG_WARN_INT_CONVERSION = YES;
				CLANG_WARN_OBJC_ROOT_CLASS = YES_ERROR;
				CLANG_WARN_SUSPICIOUS_MOVES = YES;
				CLANG_WARN_UNREACHABLE_CODE = YES;
				CLANG_WARN__DUPLICATE_METHOD_MATCH = YES;
				"CODE_SIGN_IDENTITY[sdk=iphoneos*]" = "iPhone Developer";
				COPY_PHASE_STRIP = NO;
				DEBUG_INFORMATION_FORMAT = "dwarf-with-dsym";
				ENABLE_NS_ASSERTIONS = NO;
				ENABLE_STRICT_OBJC_MSGSEND = YES;
				GCC_C_LANGUAGE_STANDARD = gnu99;
				GCC_NO_COMMON_BLOCKS = YES;
				GCC_WARN_64_TO_32_BIT_CONVERSION = YES;
				GCC_WARN_ABOUT_RETURN_TYPE = YES_ERROR;
				GCC_WARN_UNDECLARED_SELECTOR = YES;
				GCC_WARN_UNINITIALIZED_AUTOS = YES_AGGRESSIVE;
				GCC_WARN_UNUSED_FUNCTION = YES;
				GCC_WARN_UNUSED_VARIABLE = YES;
				IPHONEOS_DEPLOYMENT_TARGET = 10.0;
				MTL_ENABLE_DEBUG_INFO = NO;
				SDKROOT = iphoneos;
				VALIDATE_PRODUCT = YES;
			};
			name = Release;
		};
		31214FFB1DA0E69200A69D9A /* Debug */ = {
			isa = XCBuildConfiguration;
			buildSettings = {
				ASSETCATALOG_COMPILER_APPICON_NAME = AppIcon;
				DEVELOPMENT_TEAM = JN4U23SWSX;
				INFOPLIST_FILE = TextAudioBooks/Info.plist;
				IPHONEOS_DEPLOYMENT_TARGET = 8.0;
				LD_RUNPATH_SEARCH_PATHS = "$(inherited) @executable_path/Frameworks";
				PRODUCT_BUNDLE_IDENTIFIER = kr.co.highwill.TextAudioBooks;
				PRODUCT_NAME = "$(TARGET_NAME)";
			};
			name = Debug;
		};
		31214FFC1DA0E69200A69D9A /* Release */ = {
			isa = XCBuildConfiguration;
			buildSettings = {
				ASSETCATALOG_COMPILER_APPICON_NAME = AppIcon;
				DEVELOPMENT_TEAM = JN4U23SWSX;
				INFOPLIST_FILE = TextAudioBooks/Info.plist;
				IPHONEOS_DEPLOYMENT_TARGET = 8.0;
				LD_RUNPATH_SEARCH_PATHS = "$(inherited) @executable_path/Frameworks";
				PRODUCT_BUNDLE_IDENTIFIER = kr.co.highwill.TextAudioBooks;
				PRODUCT_NAME = "$(TARGET_NAME)";
			};
			name = Release;
		};
/* End XCBuildConfiguration section */

/* Begin XCConfigurationList section */
		31214FDB1DA0E69100A69D9A /* Build configuration list for PBXProject "TextAudioBooks" */ = {
			isa = XCConfigurationList;
			buildConfigurations = (
				31214FF81DA0E69200A69D9A /* Debug */,
				31214FF91DA0E69200A69D9A /* Release */,
			);
			defaultConfigurationIsVisible = 0;
			defaultConfigurationName = Release;
		};
		31214FFA1DA0E69200A69D9A /* Build configuration list for PBXNativeTarget "TextAudioBooks" */ = {
			isa = XCConfigurationList;
			buildConfigurations = (
				31214FFB1DA0E69200A69D9A /* Debug */,
				31214FFC1DA0E69200A69D9A /* Release */,
			);
			defaultConfigurationIsVisible = 0;
			defaultConfigurationName = Release;
		};
/* End XCConfigurationList section */
	};
	rootObject = 31214FD81DA0E69100A69D9A /* Project object */;
}
